
Microsoft Visual Studio Solution File, Format Version 12.00
# Visual Studio Version 17
VisualStudioVersion = 17.0.32126.317
MinimumVisualStudioVersion = 10.0.40219.1
Project("{2150E333-8FDC-42A3-9474-1A3956D46DE8}") = "reports", "reports", "{DBC8B925-6625-4ACB-9D4A-3D98999821CB}"
EndProject
Project("{2150E333-8FDC-42A3-9474-1A3956D46DE8}") = "tools", "tools", "{2304AB52-C945-426E-931F-02DCA0445F18}"
EndProject
Project("{9A19103F-16F7-4668-BE54-9A1E7A4F7556}") = "the80by20.Sandbox", "tools\the80by20.Sandbox\the80by20.Sandbox.csproj", "{84672A1C-B2C2-4A33-8619-4C80C98104AA}"
EndProject
Project("{2150E333-8FDC-42A3-9474-1A3956D46DE8}") = "project-know-how", "project-know-how", "{1ED5205A-C3C9-43A2-80A9-BB21513AC35F}"
	ProjectSection(SolutionItems) = preProject
		tools\commands.md = tools\commands.md
		tools\migrations-ef-sqls.md = tools\migrations-ef-sqls.md
	EndProjectSection
EndProject
Project("{2150E333-8FDC-42A3-9474-1A3956D46DE8}") = "tests", "tests", "{EF6A215E-AE67-49EC-A86F-2FE520D3D178}"
EndProject
Project("{9A19103F-16F7-4668-BE54-9A1E7A4F7556}") = "the80by20.Tests.Integration", "tests\the80by20.Tests.Integration\the80by20.Tests.Integration.csproj", "{082CB038-E895-44BB-8E8B-A25206C676BC}"
EndProject
Project("{9A19103F-16F7-4668-BE54-9A1E7A4F7556}") = "the80by20.Tests.Unit", "tests\the80by20.Tests.Unit\the80by20.Tests.Unit.csproj", "{2CF955D6-918F-4CE1-B188-01DA953CA118}"
EndProject
Project("{9A19103F-16F7-4668-BE54-9A1E7A4F7556}") = "the80by20.Reports.Subscriber", "src\Reports\the80by20.Subscriber\the80by20.Reports.Subscriber.csproj", "{9170D682-6E5F-44C6-A838-3DC6E6821E16}"
EndProject
Project("{9A19103F-16F7-4668-BE54-9A1E7A4F7556}") = "the80by20.Reports.WebApi", "src\Reports\the80by20.Reports.WebApi\the80by20.Reports.WebApi.csproj", "{1DAF65F6-717F-4C91-8624-43FD54F075BE}"
EndProject
Project("{2150E333-8FDC-42A3-9474-1A3956D46DE8}") = "src", "src", "{E331B697-310A-45DA-BD5C-D5D0D4C953D8}"
EndProject
Project("{2150E333-8FDC-42A3-9474-1A3956D46DE8}") = "shared", "shared", "{ED419131-91D2-425C-8F42-16267DAAFA76}"
EndProject
Project("{9A19103F-16F7-4668-BE54-9A1E7A4F7556}") = "the80by20.Shared.Infrastucture", "src\Shared\the80by20.Shared.Infrastucture\the80by20.Shared.Infrastucture.csproj", "{483F4FBC-01B1-47B7-8874-E33BE772E696}"
EndProject
Project("{9A19103F-16F7-4668-BE54-9A1E7A4F7556}") = "the80by20.Shared.Abstractions", "src\Shared\the80by20.Shared.Abstractions\the80by20.Shared.Abstractions.csproj", "{3C7E4285-9D84-4D34-A2E4-C20996DDDC9D}"
EndProject
Project("{2150E333-8FDC-42A3-9474-1A3956D46DE8}") = "modules", "modules", "{D9C1BDF0-5661-41C6-B09C-7BC6B121281E}"
EndProject
Project("{2150E333-8FDC-42A3-9474-1A3956D46DE8}") = "solution", "solution", "{9E9C7C1E-9663-44EF-85AF-58FA9336F6E4}"
EndProject
Project("{2150E333-8FDC-42A3-9474-1A3956D46DE8}") = "sale", "sale", "{6C6DD75F-7B77-4C4C-AAA8-430BF815E3A7}"
EndProject
Project("{2150E333-8FDC-42A3-9474-1A3956D46DE8}") = "masterdata", "masterdata", "{971DFE39-177B-4150-8634-FBCDBD369548}"
EndProject
Project("{2150E333-8FDC-42A3-9474-1A3956D46DE8}") = "users", "users", "{4ACEC4D4-1D65-49CE-8502-222B5F7F8F5D}"
EndProject
Project("{2150E333-8FDC-42A3-9474-1A3956D46DE8}") = "bootstrapper", "bootstrapper", "{1C64AAC9-7992-492F-B97E-880DA9B58705}"
EndProject
Project("{9A19103F-16F7-4668-BE54-9A1E7A4F7556}") = "the80by20.Bootstrapper", "src\Bootstrapper\the80by20.Bootstrapper\the80by20.Bootstrapper.csproj", "{48C96523-3324-4476-923F-54695B04D609}"
EndProject
Project("{9A19103F-16F7-4668-BE54-9A1E7A4F7556}") = "the80by20.Modules.Solution.Api", "src\Modules\Solution\the80by20.Solution.Api\the80by20.Modules.Solution.Api.csproj", "{FA685532-A81B-40F5-902E-5E8EE072DCB2}"
EndProject
Project("{9A19103F-16F7-4668-BE54-9A1E7A4F7556}") = "the80by20.Modules.Solution.App", "src\Modules\Solution\the80by20.Solution.App\the80by20.Modules.Solution.App.csproj", "{44773B59-CAC3-42BC-AA0B-1083B1F686E0}"
EndProject
Project("{9A19103F-16F7-4668-BE54-9A1E7A4F7556}") = "the80by20.Modules.Solution.Domain", "src\Modules\Solution\the80by20.Solution.Domain\the80by20.Modules.Solution.Domain.csproj", "{26C9BD08-B226-4CB6-863D-A10DC5BDD731}"
EndProject
Project("{9A19103F-16F7-4668-BE54-9A1E7A4F7556}") = "the80by20.Modules.Solution.Infrastructure", "src\Modules\Solution\the80by20.Solution.Infrastructure\the80by20.Modules.Solution.Infrastructure.csproj", "{1B4B0EF6-64B2-4A1B-BD89-8CE123F7A01A}"
EndProject
Project("{9A19103F-16F7-4668-BE54-9A1E7A4F7556}") = "the80by20.Modules.Masterdata.Api", "src\Modules\Masterdata\the80by20.Masterdata.Api\the80by20.Modules.Masterdata.Api.csproj", "{B4759DCA-472A-4054-ACAB-CFAC446875FA}"
EndProject
Project("{9A19103F-16F7-4668-BE54-9A1E7A4F7556}") = "the80by20.Modules.Masterdata.App", "src\Modules\Masterdata\the80by20.Masterdata.App\the80by20.Modules.Masterdata.App.csproj", "{A47730D8-BC9B-4D0B-A4CD-8B4FAC54AEBE}"
EndProject
Project("{9A19103F-16F7-4668-BE54-9A1E7A4F7556}") = "the80by20.Modules.Masterdata.Infrastructure", "src\Modules\Masterdata\the80by20.Masterdata.Infrastructure\the80by20.Modules.Masterdata.Infrastructure.csproj", "{C3C2064A-59CC-4FC5-903A-811C739ECA7F}"
EndProject
Project("{9A19103F-16F7-4668-BE54-9A1E7A4F7556}") = "the80by20.Modules.Users.Api", "src\Modules\Users\the80by20.Users.Api\the80by20.Modules.Users.Api.csproj", "{36C344B8-1B0A-4227-8531-5A5B44FD8F81}"
EndProject
Project("{9A19103F-16F7-4668-BE54-9A1E7A4F7556}") = "the80by20.Modules.Users.App", "src\Modules\Users\the80by20.Users.App\the80by20.Modules.Users.App.csproj", "{A8F2EEC1-E1A3-4375-802D-F922E4874BA5}"
EndProject
Project("{9A19103F-16F7-4668-BE54-9A1E7A4F7556}") = "the80by20.Modules.Users.Infrastructure", "src\Modules\Users\the80by20.Users.Infrastructure\the80by20.Modules.Users.Infrastructure.csproj", "{859EE842-73E7-4883-9CAA-6A1DB998E5AE}"
EndProject
Project("{9A19103F-16F7-4668-BE54-9A1E7A4F7556}") = "the80by20.Modules.Users.Domain", "src\Modules\Users\the80by20.Users.Domain\the80by20.Modules.Users.Domain.csproj", "{3BCB604A-9200-42C9-912A-0DD63A03C604}"
EndProject
Project("{2150E333-8FDC-42A3-9474-1A3956D46DE8}") = "Solution Items", "Solution Items", "{9F36495C-ECC8-48DD-B8DD-C10F133F591F}"
	ProjectSection(SolutionItems) = preProject
		the80by20.rest = the80by20.rest
		the80by20.sln.vsspell = the80by20.sln.vsspell
	EndProjectSection
EndProject
Project("{9A19103F-16F7-4668-BE54-9A1E7A4F7556}") = "the80by20.Modules.Sale.Api", "src\Modules\Sale\the80by20.Modules.Sale.Api\the80by20.Modules.Sale.Api.csproj", "{C8E7E79A-E879-4F17-92C8-0E808794C41B}"
EndProject
Project("{9A19103F-16F7-4668-BE54-9A1E7A4F7556}") = "the80by20.Modules.Sale.App", "src\Modules\Sale\the80by20.Modules.Sale.App\the80by20.Modules.Sale.App.csproj", "{1DA74F2F-4B17-4791-9DB0-47794B060E13}"
EndProject
Project("{9A19103F-16F7-4668-BE54-9A1E7A4F7556}") = "the80by20.Modules.Sale.Domain", "src\Modules\Sale\the80by20.Modules.Sale.Domain\the80by20.Modules.Sale.Domain.csproj", "{5D939DC7-8D48-4858-8096-3FCEB8276CFE}"
EndProject
Project("{9A19103F-16F7-4668-BE54-9A1E7A4F7556}") = "the80by20.Modules.Sale.Infrastructure", "src\Modules\Sale\the80by20.Modules.Sale.Infrastructure\the80by20.Modules.Sale.Infrastructure.csproj", "{42E83346-ACDD-4473-83D5-BA3499E101C7}"
EndProject
Project("{FAE04EC0-301F-11D3-BF4B-00C04F79EFBC}") = "the80by20.Tests.Shared", "tests\the80by20.Tests.Shared\the80by20.Tests.Shared.csproj", "{DDFB27C5-B235-4AB6-A4E2-DD79441F1671}"
EndProject
Project("{2150E333-8FDC-42A3-9474-1A3956D46DE8}") = "saga", "saga", "{875752A4-F123-4C52-8397-348F6077F53D}"
EndProject
Project("{FAE04EC0-301F-11D3-BF4B-00C04F79EFBC}") = "the80by20.Saga", "src\Modules\Saga\the80by20.Saga\the80by20.Saga.csproj", "{E7707E19-C3BC-42D0-8E18-25021A1BDB7D}"
EndProject
Project("{2150E333-8FDC-42A3-9474-1A3956D46DE8}") = "services", "services", "{2616500C-E64D-4F9D-A213-AADB55E6BBF3}"
EndProject
Project("{FAE04EC0-301F-11D3-BF4B-00C04F79EFBC}") = "the80by20.Services.Sale.Api", "src\Services\Sale\the80by20.Services.Sale.Api\the80by20.Services.Sale.Api.csproj", "{FB3CC8EC-A3F5-4A13-985F-C80D011B69E5}"
EndProject
Project("{2150E333-8FDC-42A3-9474-1A3956D46DE8}") = "sale", "sale", "{6A0265FF-79DC-4F67-B342-3DEAEC4B7D1B}"
EndProject
Project("{FAE04EC0-301F-11D3-BF4B-00C04F79EFBC}") = "the80by20.Services.Sale.App", "src\Services\Sale\the80by20.Services.Sale.App\the80by20.Services.Sale.App.csproj", "{80C2E606-1ED1-4B83-9537-EC823F63FE63}"
EndProject
Project("{FAE04EC0-301F-11D3-BF4B-00C04F79EFBC}") = "the80by20.Services.Sale.Domain", "src\Services\Sale\the80by20.Services.Sale.Domain\the80by20.Services.Sale.Domain.csproj", "{7AB4C23B-7846-4A00-9D35-4C9107E7F5A0}"
EndProject
Project("{FAE04EC0-301F-11D3-BF4B-00C04F79EFBC}") = "the80by20.Services.Sale.Infrastructure", "src\Services\Sale\the80by20.Services.Sale.Infrastructure\the80by20.Services.Sale.Infrastructure.csproj", "{F1698A72-3F7B-46C1-A40D-1950B88C08C3}"
EndProject
Global
	GlobalSection(SolutionConfigurationPlatforms) = preSolution
		Debug|Any CPU = Debug|Any CPU
		Release|Any CPU = Release|Any CPU
	EndGlobalSection
	GlobalSection(ProjectConfigurationPlatforms) = postSolution
		{84672A1C-B2C2-4A33-8619-4C80C98104AA}.Debug|Any CPU.ActiveCfg = Debug|Any CPU
		{84672A1C-B2C2-4A33-8619-4C80C98104AA}.Debug|Any CPU.Build.0 = Debug|Any CPU
		{84672A1C-B2C2-4A33-8619-4C80C98104AA}.Release|Any CPU.ActiveCfg = Release|Any CPU
		{84672A1C-B2C2-4A33-8619-4C80C98104AA}.Release|Any CPU.Build.0 = Release|Any CPU
		{082CB038-E895-44BB-8E8B-A25206C676BC}.Debug|Any CPU.ActiveCfg = Debug|Any CPU
		{082CB038-E895-44BB-8E8B-A25206C676BC}.Debug|Any CPU.Build.0 = Debug|Any CPU
		{082CB038-E895-44BB-8E8B-A25206C676BC}.Release|Any CPU.ActiveCfg = Release|Any CPU
		{082CB038-E895-44BB-8E8B-A25206C676BC}.Release|Any CPU.Build.0 = Release|Any CPU
		{2CF955D6-918F-4CE1-B188-01DA953CA118}.Debug|Any CPU.ActiveCfg = Debug|Any CPU
		{2CF955D6-918F-4CE1-B188-01DA953CA118}.Debug|Any CPU.Build.0 = Debug|Any CPU
		{2CF955D6-918F-4CE1-B188-01DA953CA118}.Release|Any CPU.ActiveCfg = Release|Any CPU
		{2CF955D6-918F-4CE1-B188-01DA953CA118}.Release|Any CPU.Build.0 = Release|Any CPU
		{9170D682-6E5F-44C6-A838-3DC6E6821E16}.Debug|Any CPU.ActiveCfg = Debug|Any CPU
		{9170D682-6E5F-44C6-A838-3DC6E6821E16}.Debug|Any CPU.Build.0 = Debug|Any CPU
		{9170D682-6E5F-44C6-A838-3DC6E6821E16}.Release|Any CPU.ActiveCfg = Release|Any CPU
		{9170D682-6E5F-44C6-A838-3DC6E6821E16}.Release|Any CPU.Build.0 = Release|Any CPU
		{1DAF65F6-717F-4C91-8624-43FD54F075BE}.Debug|Any CPU.ActiveCfg = Debug|Any CPU
		{1DAF65F6-717F-4C91-8624-43FD54F075BE}.Debug|Any CPU.Build.0 = Debug|Any CPU
		{1DAF65F6-717F-4C91-8624-43FD54F075BE}.Release|Any CPU.ActiveCfg = Release|Any CPU
		{1DAF65F6-717F-4C91-8624-43FD54F075BE}.Release|Any CPU.Build.0 = Release|Any CPU
		{483F4FBC-01B1-47B7-8874-E33BE772E696}.Debug|Any CPU.ActiveCfg = Debug|Any CPU
		{483F4FBC-01B1-47B7-8874-E33BE772E696}.Debug|Any CPU.Build.0 = Debug|Any CPU
		{483F4FBC-01B1-47B7-8874-E33BE772E696}.Release|Any CPU.ActiveCfg = Release|Any CPU
		{483F4FBC-01B1-47B7-8874-E33BE772E696}.Release|Any CPU.Build.0 = Release|Any CPU
		{3C7E4285-9D84-4D34-A2E4-C20996DDDC9D}.Debug|Any CPU.ActiveCfg = Debug|Any CPU
		{3C7E4285-9D84-4D34-A2E4-C20996DDDC9D}.Debug|Any CPU.Build.0 = Debug|Any CPU
		{3C7E4285-9D84-4D34-A2E4-C20996DDDC9D}.Release|Any CPU.ActiveCfg = Release|Any CPU
		{3C7E4285-9D84-4D34-A2E4-C20996DDDC9D}.Release|Any CPU.Build.0 = Release|Any CPU
		{48C96523-3324-4476-923F-54695B04D609}.Debug|Any CPU.ActiveCfg = Debug|Any CPU
		{48C96523-3324-4476-923F-54695B04D609}.Debug|Any CPU.Build.0 = Debug|Any CPU
		{48C96523-3324-4476-923F-54695B04D609}.Release|Any CPU.ActiveCfg = Release|Any CPU
		{48C96523-3324-4476-923F-54695B04D609}.Release|Any CPU.Build.0 = Release|Any CPU
		{FA685532-A81B-40F5-902E-5E8EE072DCB2}.Debug|Any CPU.ActiveCfg = Debug|Any CPU
		{FA685532-A81B-40F5-902E-5E8EE072DCB2}.Debug|Any CPU.Build.0 = Debug|Any CPU
		{FA685532-A81B-40F5-902E-5E8EE072DCB2}.Release|Any CPU.ActiveCfg = Release|Any CPU
		{FA685532-A81B-40F5-902E-5E8EE072DCB2}.Release|Any CPU.Build.0 = Release|Any CPU
		{44773B59-CAC3-42BC-AA0B-1083B1F686E0}.Debug|Any CPU.ActiveCfg = Debug|Any CPU
		{44773B59-CAC3-42BC-AA0B-1083B1F686E0}.Debug|Any CPU.Build.0 = Debug|Any CPU
		{44773B59-CAC3-42BC-AA0B-1083B1F686E0}.Release|Any CPU.ActiveCfg = Release|Any CPU
		{44773B59-CAC3-42BC-AA0B-1083B1F686E0}.Release|Any CPU.Build.0 = Release|Any CPU
		{26C9BD08-B226-4CB6-863D-A10DC5BDD731}.Debug|Any CPU.ActiveCfg = Debug|Any CPU
		{26C9BD08-B226-4CB6-863D-A10DC5BDD731}.Debug|Any CPU.Build.0 = Debug|Any CPU
		{26C9BD08-B226-4CB6-863D-A10DC5BDD731}.Release|Any CPU.ActiveCfg = Release|Any CPU
		{26C9BD08-B226-4CB6-863D-A10DC5BDD731}.Release|Any CPU.Build.0 = Release|Any CPU
		{1B4B0EF6-64B2-4A1B-BD89-8CE123F7A01A}.Debug|Any CPU.ActiveCfg = Debug|Any CPU
		{1B4B0EF6-64B2-4A1B-BD89-8CE123F7A01A}.Debug|Any CPU.Build.0 = Debug|Any CPU
		{1B4B0EF6-64B2-4A1B-BD89-8CE123F7A01A}.Release|Any CPU.ActiveCfg = Release|Any CPU
		{1B4B0EF6-64B2-4A1B-BD89-8CE123F7A01A}.Release|Any CPU.Build.0 = Release|Any CPU
		{B4759DCA-472A-4054-ACAB-CFAC446875FA}.Debug|Any CPU.ActiveCfg = Debug|Any CPU
		{B4759DCA-472A-4054-ACAB-CFAC446875FA}.Debug|Any CPU.Build.0 = Debug|Any CPU
		{B4759DCA-472A-4054-ACAB-CFAC446875FA}.Release|Any CPU.ActiveCfg = Release|Any CPU
		{B4759DCA-472A-4054-ACAB-CFAC446875FA}.Release|Any CPU.Build.0 = Release|Any CPU
		{A47730D8-BC9B-4D0B-A4CD-8B4FAC54AEBE}.Debug|Any CPU.ActiveCfg = Debug|Any CPU
		{A47730D8-BC9B-4D0B-A4CD-8B4FAC54AEBE}.Debug|Any CPU.Build.0 = Debug|Any CPU
		{A47730D8-BC9B-4D0B-A4CD-8B4FAC54AEBE}.Release|Any CPU.ActiveCfg = Release|Any CPU
		{A47730D8-BC9B-4D0B-A4CD-8B4FAC54AEBE}.Release|Any CPU.Build.0 = Release|Any CPU
		{C3C2064A-59CC-4FC5-903A-811C739ECA7F}.Debug|Any CPU.ActiveCfg = Debug|Any CPU
		{C3C2064A-59CC-4FC5-903A-811C739ECA7F}.Debug|Any CPU.Build.0 = Debug|Any CPU
		{C3C2064A-59CC-4FC5-903A-811C739ECA7F}.Release|Any CPU.ActiveCfg = Release|Any CPU
		{C3C2064A-59CC-4FC5-903A-811C739ECA7F}.Release|Any CPU.Build.0 = Release|Any CPU
		{36C344B8-1B0A-4227-8531-5A5B44FD8F81}.Debug|Any CPU.ActiveCfg = Debug|Any CPU
		{36C344B8-1B0A-4227-8531-5A5B44FD8F81}.Debug|Any CPU.Build.0 = Debug|Any CPU
		{36C344B8-1B0A-4227-8531-5A5B44FD8F81}.Release|Any CPU.ActiveCfg = Release|Any CPU
		{36C344B8-1B0A-4227-8531-5A5B44FD8F81}.Release|Any CPU.Build.0 = Release|Any CPU
		{A8F2EEC1-E1A3-4375-802D-F922E4874BA5}.Debug|Any CPU.ActiveCfg = Debug|Any CPU
		{A8F2EEC1-E1A3-4375-802D-F922E4874BA5}.Debug|Any CPU.Build.0 = Debug|Any CPU
		{A8F2EEC1-E1A3-4375-802D-F922E4874BA5}.Release|Any CPU.ActiveCfg = Release|Any CPU
		{A8F2EEC1-E1A3-4375-802D-F922E4874BA5}.Release|Any CPU.Build.0 = Release|Any CPU
		{859EE842-73E7-4883-9CAA-6A1DB998E5AE}.Debug|Any CPU.ActiveCfg = Debug|Any CPU
		{859EE842-73E7-4883-9CAA-6A1DB998E5AE}.Debug|Any CPU.Build.0 = Debug|Any CPU
		{859EE842-73E7-4883-9CAA-6A1DB998E5AE}.Release|Any CPU.ActiveCfg = Release|Any CPU
		{859EE842-73E7-4883-9CAA-6A1DB998E5AE}.Release|Any CPU.Build.0 = Release|Any CPU
		{3BCB604A-9200-42C9-912A-0DD63A03C604}.Debug|Any CPU.ActiveCfg = Debug|Any CPU
		{3BCB604A-9200-42C9-912A-0DD63A03C604}.Debug|Any CPU.Build.0 = Debug|Any CPU
		{3BCB604A-9200-42C9-912A-0DD63A03C604}.Release|Any CPU.ActiveCfg = Release|Any CPU
		{3BCB604A-9200-42C9-912A-0DD63A03C604}.Release|Any CPU.Build.0 = Release|Any CPU
		{C8E7E79A-E879-4F17-92C8-0E808794C41B}.Debug|Any CPU.ActiveCfg = Debug|Any CPU
		{C8E7E79A-E879-4F17-92C8-0E808794C41B}.Debug|Any CPU.Build.0 = Debug|Any CPU
		{C8E7E79A-E879-4F17-92C8-0E808794C41B}.Release|Any CPU.ActiveCfg = Release|Any CPU
		{C8E7E79A-E879-4F17-92C8-0E808794C41B}.Release|Any CPU.Build.0 = Release|Any CPU
		{1DA74F2F-4B17-4791-9DB0-47794B060E13}.Debug|Any CPU.ActiveCfg = Debug|Any CPU
		{1DA74F2F-4B17-4791-9DB0-47794B060E13}.Debug|Any CPU.Build.0 = Debug|Any CPU
		{1DA74F2F-4B17-4791-9DB0-47794B060E13}.Release|Any CPU.ActiveCfg = Release|Any CPU
		{1DA74F2F-4B17-4791-9DB0-47794B060E13}.Release|Any CPU.Build.0 = Release|Any CPU
		{5D939DC7-8D48-4858-8096-3FCEB8276CFE}.Debug|Any CPU.ActiveCfg = Debug|Any CPU
		{5D939DC7-8D48-4858-8096-3FCEB8276CFE}.Debug|Any CPU.Build.0 = Debug|Any CPU
		{5D939DC7-8D48-4858-8096-3FCEB8276CFE}.Release|Any CPU.ActiveCfg = Release|Any CPU
		{5D939DC7-8D48-4858-8096-3FCEB8276CFE}.Release|Any CPU.Build.0 = Release|Any CPU
		{42E83346-ACDD-4473-83D5-BA3499E101C7}.Debug|Any CPU.ActiveCfg = Debug|Any CPU
		{42E83346-ACDD-4473-83D5-BA3499E101C7}.Debug|Any CPU.Build.0 = Debug|Any CPU
		{42E83346-ACDD-4473-83D5-BA3499E101C7}.Release|Any CPU.ActiveCfg = Release|Any CPU
		{42E83346-ACDD-4473-83D5-BA3499E101C7}.Release|Any CPU.Build.0 = Release|Any CPU
		{DDFB27C5-B235-4AB6-A4E2-DD79441F1671}.Debug|Any CPU.ActiveCfg = Debug|Any CPU
		{DDFB27C5-B235-4AB6-A4E2-DD79441F1671}.Debug|Any CPU.Build.0 = Debug|Any CPU
		{DDFB27C5-B235-4AB6-A4E2-DD79441F1671}.Release|Any CPU.ActiveCfg = Release|Any CPU
		{DDFB27C5-B235-4AB6-A4E2-DD79441F1671}.Release|Any CPU.Build.0 = Release|Any CPU
		{E7707E19-C3BC-42D0-8E18-25021A1BDB7D}.Debug|Any CPU.ActiveCfg = Debug|Any CPU
		{E7707E19-C3BC-42D0-8E18-25021A1BDB7D}.Debug|Any CPU.Build.0 = Debug|Any CPU
		{E7707E19-C3BC-42D0-8E18-25021A1BDB7D}.Release|Any CPU.ActiveCfg = Release|Any CPU
		{E7707E19-C3BC-42D0-8E18-25021A1BDB7D}.Release|Any CPU.Build.0 = Release|Any CPU
		{FB3CC8EC-A3F5-4A13-985F-C80D011B69E5}.Debug|Any CPU.ActiveCfg = Debug|Any CPU
		{FB3CC8EC-A3F5-4A13-985F-C80D011B69E5}.Debug|Any CPU.Build.0 = Debug|Any CPU
		{FB3CC8EC-A3F5-4A13-985F-C80D011B69E5}.Release|Any CPU.ActiveCfg = Release|Any CPU
		{FB3CC8EC-A3F5-4A13-985F-C80D011B69E5}.Release|Any CPU.Build.0 = Release|Any CPU
		{80C2E606-1ED1-4B83-9537-EC823F63FE63}.Debug|Any CPU.ActiveCfg = Debug|Any CPU
		{80C2E606-1ED1-4B83-9537-EC823F63FE63}.Debug|Any CPU.Build.0 = Debug|Any CPU
		{80C2E606-1ED1-4B83-9537-EC823F63FE63}.Release|Any CPU.ActiveCfg = Release|Any CPU
		{80C2E606-1ED1-4B83-9537-EC823F63FE63}.Release|Any CPU.Build.0 = Release|Any CPU
		{7AB4C23B-7846-4A00-9D35-4C9107E7F5A0}.Debug|Any CPU.ActiveCfg = Debug|Any CPU
		{7AB4C23B-7846-4A00-9D35-4C9107E7F5A0}.Debug|Any CPU.Build.0 = Debug|Any CPU
		{7AB4C23B-7846-4A00-9D35-4C9107E7F5A0}.Release|Any CPU.ActiveCfg = Release|Any CPU
		{7AB4C23B-7846-4A00-9D35-4C9107E7F5A0}.Release|Any CPU.Build.0 = Release|Any CPU
		{F1698A72-3F7B-46C1-A40D-1950B88C08C3}.Debug|Any CPU.ActiveCfg = Debug|Any CPU
		{F1698A72-3F7B-46C1-A40D-1950B88C08C3}.Debug|Any CPU.Build.0 = Debug|Any CPU
		{F1698A72-3F7B-46C1-A40D-1950B88C08C3}.Release|Any CPU.ActiveCfg = Release|Any CPU
		{F1698A72-3F7B-46C1-A40D-1950B88C08C3}.Release|Any CPU.Build.0 = Release|Any CPU
	EndGlobalSection
	GlobalSection(SolutionProperties) = preSolution
		HideSolutionNode = FALSE
	EndGlobalSection
	GlobalSection(NestedProjects) = preSolution
		{DBC8B925-6625-4ACB-9D4A-3D98999821CB} = {E331B697-310A-45DA-BD5C-D5D0D4C953D8}
		{84672A1C-B2C2-4A33-8619-4C80C98104AA} = {2304AB52-C945-426E-931F-02DCA0445F18}
		{1ED5205A-C3C9-43A2-80A9-BB21513AC35F} = {2304AB52-C945-426E-931F-02DCA0445F18}
		{082CB038-E895-44BB-8E8B-A25206C676BC} = {EF6A215E-AE67-49EC-A86F-2FE520D3D178}
		{2CF955D6-918F-4CE1-B188-01DA953CA118} = {EF6A215E-AE67-49EC-A86F-2FE520D3D178}
		{9170D682-6E5F-44C6-A838-3DC6E6821E16} = {DBC8B925-6625-4ACB-9D4A-3D98999821CB}
		{1DAF65F6-717F-4C91-8624-43FD54F075BE} = {DBC8B925-6625-4ACB-9D4A-3D98999821CB}
		{ED419131-91D2-425C-8F42-16267DAAFA76} = {E331B697-310A-45DA-BD5C-D5D0D4C953D8}
		{483F4FBC-01B1-47B7-8874-E33BE772E696} = {ED419131-91D2-425C-8F42-16267DAAFA76}
		{3C7E4285-9D84-4D34-A2E4-C20996DDDC9D} = {ED419131-91D2-425C-8F42-16267DAAFA76}
		{D9C1BDF0-5661-41C6-B09C-7BC6B121281E} = {E331B697-310A-45DA-BD5C-D5D0D4C953D8}
		{9E9C7C1E-9663-44EF-85AF-58FA9336F6E4} = {D9C1BDF0-5661-41C6-B09C-7BC6B121281E}
		{6C6DD75F-7B77-4C4C-AAA8-430BF815E3A7} = {D9C1BDF0-5661-41C6-B09C-7BC6B121281E}
		{971DFE39-177B-4150-8634-FBCDBD369548} = {D9C1BDF0-5661-41C6-B09C-7BC6B121281E}
		{4ACEC4D4-1D65-49CE-8502-222B5F7F8F5D} = {D9C1BDF0-5661-41C6-B09C-7BC6B121281E}
		{1C64AAC9-7992-492F-B97E-880DA9B58705} = {E331B697-310A-45DA-BD5C-D5D0D4C953D8}
		{48C96523-3324-4476-923F-54695B04D609} = {1C64AAC9-7992-492F-B97E-880DA9B58705}
		{FA685532-A81B-40F5-902E-5E8EE072DCB2} = {9E9C7C1E-9663-44EF-85AF-58FA9336F6E4}
		{44773B59-CAC3-42BC-AA0B-1083B1F686E0} = {9E9C7C1E-9663-44EF-85AF-58FA9336F6E4}
		{26C9BD08-B226-4CB6-863D-A10DC5BDD731} = {9E9C7C1E-9663-44EF-85AF-58FA9336F6E4}
		{1B4B0EF6-64B2-4A1B-BD89-8CE123F7A01A} = {9E9C7C1E-9663-44EF-85AF-58FA9336F6E4}
		{B4759DCA-472A-4054-ACAB-CFAC446875FA} = {971DFE39-177B-4150-8634-FBCDBD369548}
		{A47730D8-BC9B-4D0B-A4CD-8B4FAC54AEBE} = {971DFE39-177B-4150-8634-FBCDBD369548}
		{C3C2064A-59CC-4FC5-903A-811C739ECA7F} = {971DFE39-177B-4150-8634-FBCDBD369548}
		{36C344B8-1B0A-4227-8531-5A5B44FD8F81} = {4ACEC4D4-1D65-49CE-8502-222B5F7F8F5D}
		{A8F2EEC1-E1A3-4375-802D-F922E4874BA5} = {4ACEC4D4-1D65-49CE-8502-222B5F7F8F5D}
		{859EE842-73E7-4883-9CAA-6A1DB998E5AE} = {4ACEC4D4-1D65-49CE-8502-222B5F7F8F5D}
		{3BCB604A-9200-42C9-912A-0DD63A03C604} = {4ACEC4D4-1D65-49CE-8502-222B5F7F8F5D}
		{C8E7E79A-E879-4F17-92C8-0E808794C41B} = {6C6DD75F-7B77-4C4C-AAA8-430BF815E3A7}
		{1DA74F2F-4B17-4791-9DB0-47794B060E13} = {6C6DD75F-7B77-4C4C-AAA8-430BF815E3A7}
		{5D939DC7-8D48-4858-8096-3FCEB8276CFE} = {6C6DD75F-7B77-4C4C-AAA8-430BF815E3A7}
		{42E83346-ACDD-4473-83D5-BA3499E101C7} = {6C6DD75F-7B77-4C4C-AAA8-430BF815E3A7}
		{DDFB27C5-B235-4AB6-A4E2-DD79441F1671} = {EF6A215E-AE67-49EC-A86F-2FE520D3D178}
		{875752A4-F123-4C52-8397-348F6077F53D} = {D9C1BDF0-5661-41C6-B09C-7BC6B121281E}
		{E7707E19-C3BC-42D0-8E18-25021A1BDB7D} = {875752A4-F123-4C52-8397-348F6077F53D}
		{2616500C-E64D-4F9D-A213-AADB55E6BBF3} = {E331B697-310A-45DA-BD5C-D5D0D4C953D8}
		{6A0265FF-79DC-4F67-B342-3DEAEC4B7D1B} = {2616500C-E64D-4F9D-A213-AADB55E6BBF3}
		{FB3CC8EC-A3F5-4A13-985F-C80D011B69E5} = {6A0265FF-79DC-4F67-B342-3DEAEC4B7D1B}
		{80C2E606-1ED1-4B83-9537-EC823F63FE63} = {6A0265FF-79DC-4F67-B342-3DEAEC4B7D1B}
		{7AB4C23B-7846-4A00-9D35-4C9107E7F5A0} = {6A0265FF-79DC-4F67-B342-3DEAEC4B7D1B}
		{F1698A72-3F7B-46C1-A40D-1950B88C08C3} = {6A0265FF-79DC-4F67-B342-3DEAEC4B7D1B}
	EndGlobalSection
	GlobalSection(ExtensibilityGlobals) = postSolution
		SolutionGuid = {2EF83377-9D3D-407D-89DA-82A9D7E6B66C}
	EndGlobalSection
EndGlobal
